
Microsoft Visual Studio Solution File, Format Version 12.00
# Visual Studio Version 16
VisualStudioVersion = 16.0.31005.135
MinimumVisualStudioVersion = 10.0.40219.1
Project("{FAE04EC0-301F-11D3-BF4B-00C04F79EFBC}") = "CakeShop_Group1", "PRN292_Assignment\CakeShop_Group1.csproj", "{E5D650A1-D8D6-4F57-8FC2-F98CCAFF2641}"
EndProject
Global
	GlobalSection(SolutionConfigurationPlatforms) = preSolution
		Debug|Any CPU = Debug|Any CPU
		Release|Any CPU = Release|Any CPU
	EndGlobalSection
	GlobalSection(ProjectConfigurationPlatforms) = postSolution
		{E5D650A1-D8D6-4F57-8FC2-F98CCAFF2641}.Debug|Any CPU.ActiveCfg = Debug|Any CPU
		{E5D650A1-D8D6-4F57-8FC2-F98CCAFF2641}.Debug|Any CPU.Build.0 = Debug|Any CPU
		{E5D650A1-D8D6-4F57-8FC2-F98CCAFF2641}.Release|Any CPU.ActiveCfg = Release|Any CPU
		{E5D650A1-D8D6-4F57-8FC2-F98CCAFF2641}.Release|Any CPU.Build.0 = Release|Any CPU
	EndGlobalSection
	GlobalSection(SolutionProperties) = preSolution
		HideSolutionNode = FALSE
	EndGlobalSection
	GlobalSection(ExtensibilityGlobals) = postSolution
		SolutionGuid = {CDEE7DD7-81B4-44CE-9456-CB41CCD16095}
	EndGlobalSection
EndGlobal
